
Microsoft Visual Studio Solution File, Format Version 12.00
# Visual Studio Version 17
VisualStudioVersion = 17.11.35017.193
MinimumVisualStudioVersion = 10.0.40219.1
Project("{FAE04EC0-301F-11D3-BF4B-00C04F79EFBC}") = "CS2", "CS2.csproj", "{73E10025-4D0E-438F-82E1-993A5999FF63}"
EndProject
Global
	GlobalSection(SolutionConfigurationPlatforms) = preSolution
		Debug|Any CPU = Debug|Any CPU
		Release|Any CPU = Release|Any CPU
	EndGlobalSection
	GlobalSection(ProjectConfigurationPlatforms) = postSolution
		{73E10025-4D0E-438F-82E1-993A5999FF63}.Debug|Any CPU.ActiveCfg = Debug|Any CPU
		{73E10025-4D0E-438F-82E1-993A5999FF63}.Debug|Any CPU.Build.0 = Debug|Any CPU
		{73E10025-4D0E-438F-82E1-993A5999FF63}.Release|Any CPU.ActiveCfg = Release|Any CPU
		{73E10025-4D0E-438F-82E1-993A5999FF63}.Release|Any CPU.Build.0 = Release|Any CPU
	EndGlobalSection
	GlobalSection(SolutionProperties) = preSolution
		HideSolutionNode = FALSE
	EndGlobalSection
	GlobalSection(ExtensibilityGlobals) = postSolution
		SolutionGuid = {09901A42-0A3E-4B61-9E13-9399492DCB50}
	EndGlobalSection
EndGlobal
